
Microsoft Visual Studio Solution File, Format Version 12.00
# Visual Studio Version 16
VisualStudioVersion = 16.0.28729.10
MinimumVisualStudioVersion = 10.0.40219.1
Project("{2150E333-8FDC-42A3-9474-1A3956D46DE8}") = "Solution Items", "Solution Items", "{BA33CAF0-D18B-4F28-B943-BE34C2CBB594}"
	ProjectSection(SolutionItems) = preProject
		.editorconfig = .editorconfig
		.gitattributes = .gitattributes
		.gitignore = .gitignore
		LICENSE.txt = LICENSE.txt
		ReadMe.md = ReadMe.md
		Testbed.props = Testbed.props
	EndProjectSection
EndProject
Project("{8BC9CEB8-8B4A-11D0-8D11-00A0C91BC942}") = "ExampleSharedLibrary", "ExampleSharedLibrary\ExampleSharedLibrary.vcxproj", "{395094F5-40F7-4B72-ACFD-AE8FAE501A57}"
EndProject
Project("{8BC9CEB8-8B4A-11D0-8D11-00A0C91BC942}") = "ExampleService", "ExampleService\ExampleService.vcxproj", "{3C3D7D94-F627-4538-96F1-0831BEFD28A9}"
EndProject
Project("{8BC9CEB8-8B4A-11D0-8D11-00A0C91BC942}") = "ExampleScreenSaver", "ExampleScreenSaver\ExampleScreenSaver.vcxproj", "{B502CE3E-371D-4A0A-ACDB-3380AFED9C5C}"
EndProject
Project("{8BC9CEB8-8B4A-11D0-8D11-00A0C91BC942}") = "ExampleStaticLibrary", "ExampleStaticLibrary\ExampleStaticLibrary.vcxproj", "{622397F5-66C0-4866-A67F-AE827DFA4C03}"
EndProject
Project("{8BC9CEB8-8B4A-11D0-8D11-00A0C91BC942}") = "ExampleDesktopApplication", "ExampleDesktopApplication\ExampleDesktopApplication.vcxproj", "{AC5131A8-165D-4372-8873-B49629712D39}"
EndProject
Project("{8BC9CEB8-8B4A-11D0-8D11-00A0C91BC942}") = "ExampleSharedCode", "ExampleSharedCode\ExampleSharedCode.vcxitems", "{017720A4-4593-48BD-AC76-2017C60C2C02}"
EndProject
Project("{8BC9CEB8-8B4A-11D0-8D11-00A0C91BC942}") = "ExampleConsoleApplication", "ExampleConsoleApplication\ExampleConsoleApplication.vcxproj", "{73CC5444-3BCA-487D-AD56-33693AEC4FA2}"
EndProject
Project("{8BC9CEB8-8B4A-11D0-8D11-00A0C91BC942}") = "ExampleConsoleApplicationWithLibs", "ExampleConsoleApplicationWithLibs\ExampleConsoleApplicationWithLibs.vcxproj", "{1A64A26A-702A-4BF9-B1A3-497C1EC4828F}"
EndProject
Project("{8BC9CEB8-8B4A-11D0-8D11-00A0C91BC942}") = "MinimalWin32Example", "MinimalWin32Example\MinimalWin32Example.vcxproj", "{5A88E835-8FC6-4CEC-8D0C-AE36DF172E6C}"
EndProject
Project("{8BC9CEB8-8B4A-11D0-8D11-00A0C91BC942}") = "ExampleMasmApplication", "ExampleMasmApplication\ExampleMasmApplication.vcxproj", "{B7F37DEB-106A-4366-A7A4-53830809680D}"
EndProject
Global
	GlobalSection(SharedMSBuildProjectFiles) = preSolution
		ExampleSharedCode\ExampleSharedCode.vcxitems*{017720a4-4593-48bd-ac76-2017c60c2c02}*SharedItemsImports = 9
		ExampleSharedCode\ExampleSharedCode.vcxitems*{3c3d7d94-f627-4538-96f1-0831befd28a9}*SharedItemsImports = 4
	EndGlobalSection
	GlobalSection(SolutionConfigurationPlatforms) = preSolution
		Debug|x64 = Debug|x64
		Debug|x86 = Debug|x86
		Release|x64 = Release|x64
		Release|x86 = Release|x86
	EndGlobalSection
	GlobalSection(ProjectConfigurationPlatforms) = postSolution
		{395094F5-40F7-4B72-ACFD-AE8FAE501A57}.Debug|x64.ActiveCfg = Debug|x64
		{395094F5-40F7-4B72-ACFD-AE8FAE501A57}.Debug|x64.Build.0 = Debug|x64
		{395094F5-40F7-4B72-ACFD-AE8FAE501A57}.Debug|x86.ActiveCfg = Debug|Win32
		{395094F5-40F7-4B72-ACFD-AE8FAE501A57}.Debug|x86.Build.0 = Debug|Win32
		{395094F5-40F7-4B72-ACFD-AE8FAE501A57}.Release|x64.ActiveCfg = Release|x64
		{395094F5-40F7-4B72-ACFD-AE8FAE501A57}.Release|x64.Build.0 = Release|x64
		{395094F5-40F7-4B72-ACFD-AE8FAE501A57}.Release|x86.ActiveCfg = Release|Win32
		{395094F5-40F7-4B72-ACFD-AE8FAE501A57}.Release|x86.Build.0 = Release|Win32
		{3C3D7D94-F627-4538-96F1-0831BEFD28A9}.Debug|x64.ActiveCfg = Debug|x64
		{3C3D7D94-F627-4538-96F1-0831BEFD28A9}.Debug|x64.Build.0 = Debug|x64
		{3C3D7D94-F627-4538-96F1-0831BEFD28A9}.Debug|x86.ActiveCfg = Debug|Win32
		{3C3D7D94-F627-4538-96F1-0831BEFD28A9}.Debug|x86.Build.0 = Debug|Win32
		{3C3D7D94-F627-4538-96F1-0831BEFD28A9}.Release|x64.ActiveCfg = Release|x64
		{3C3D7D94-F627-4538-96F1-0831BEFD28A9}.Release|x64.Build.0 = Release|x64
		{3C3D7D94-F627-4538-96F1-0831BEFD28A9}.Release|x86.ActiveCfg = Release|Win32
		{3C3D7D94-F627-4538-96F1-0831BEFD28A9}.Release|x86.Build.0 = Release|Win32
		{B502CE3E-371D-4A0A-ACDB-3380AFED9C5C}.Debug|x64.ActiveCfg = Debug|x64
		{B502CE3E-371D-4A0A-ACDB-3380AFED9C5C}.Debug|x64.Build.0 = Debug|x64
		{B502CE3E-371D-4A0A-ACDB-3380AFED9C5C}.Debug|x86.ActiveCfg = Debug|Win32
		{B502CE3E-371D-4A0A-ACDB-3380AFED9C5C}.Debug|x86.Build.0 = Debug|Win32
		{B502CE3E-371D-4A0A-ACDB-3380AFED9C5C}.Release|x64.ActiveCfg = Release|x64
		{B502CE3E-371D-4A0A-ACDB-3380AFED9C5C}.Release|x64.Build.0 = Release|x64
		{B502CE3E-371D-4A0A-ACDB-3380AFED9C5C}.Release|x86.ActiveCfg = Release|Win32
		{B502CE3E-371D-4A0A-ACDB-3380AFED9C5C}.Release|x86.Build.0 = Release|Win32
		{622397F5-66C0-4866-A67F-AE827DFA4C03}.Debug|x64.ActiveCfg = Debug|x64
		{622397F5-66C0-4866-A67F-AE827DFA4C03}.Debug|x64.Build.0 = Debug|x64
		{622397F5-66C0-4866-A67F-AE827DFA4C03}.Debug|x86.ActiveCfg = Debug|Win32
		{622397F5-66C0-4866-A67F-AE827DFA4C03}.Debug|x86.Build.0 = Debug|Win32
		{622397F5-66C0-4866-A67F-AE827DFA4C03}.Release|x64.ActiveCfg = Release|x64
		{622397F5-66C0-4866-A67F-AE827DFA4C03}.Release|x64.Build.0 = Release|x64
		{622397F5-66C0-4866-A67F-AE827DFA4C03}.Release|x86.ActiveCfg = Release|Win32
		{622397F5-66C0-4866-A67F-AE827DFA4C03}.Release|x86.Build.0 = Release|Win32
		{AC5131A8-165D-4372-8873-B49629712D39}.Debug|x64.ActiveCfg = Debug|x64
		{AC5131A8-165D-4372-8873-B49629712D39}.Debug|x64.Build.0 = Debug|x64
		{AC5131A8-165D-4372-8873-B49629712D39}.Debug|x86.ActiveCfg = Debug|Win32
		{AC5131A8-165D-4372-8873-B49629712D39}.Debug|x86.Build.0 = Debug|Win32
		{AC5131A8-165D-4372-8873-B49629712D39}.Release|x64.ActiveCfg = Release|x64
		{AC5131A8-165D-4372-8873-B49629712D39}.Release|x64.Build.0 = Release|x64
		{AC5131A8-165D-4372-8873-B49629712D39}.Release|x86.ActiveCfg = Release|Win32
		{AC5131A8-165D-4372-8873-B49629712D39}.Release|x86.Build.0 = Release|Win32
		{73CC5444-3BCA-487D-AD56-33693AEC4FA2}.Debug|x64.ActiveCfg = Debug|x64
		{73CC5444-3BCA-487D-AD56-33693AEC4FA2}.Debug|x64.Build.0 = Debug|x64
		{73CC5444-3BCA-487D-AD56-33693AEC4FA2}.Debug|x86.ActiveCfg = Debug|Win32
		{73CC5444-3BCA-487D-AD56-33693AEC4FA2}.Debug|x86.Build.0 = Debug|Win32
		{73CC5444-3BCA-487D-AD56-33693AEC4FA2}.Release|x64.ActiveCfg = Release|x64
		{73CC5444-3BCA-487D-AD56-33693AEC4FA2}.Release|x64.Build.0 = Release|x64
		{73CC5444-3BCA-487D-AD56-33693AEC4FA2}.Release|x86.ActiveCfg = Release|Win32
		{73CC5444-3BCA-487D-AD56-33693AEC4FA2}.Release|x86.Build.0 = Release|Win32
		{1A64A26A-702A-4BF9-B1A3-497C1EC4828F}.Debug|x64.ActiveCfg = Debug|x64
		{1A64A26A-702A-4BF9-B1A3-497C1EC4828F}.Debug|x64.Build.0 = Debug|x64
		{1A64A26A-702A-4BF9-B1A3-497C1EC4828F}.Debug|x86.ActiveCfg = Debug|Win32
		{1A64A26A-702A-4BF9-B1A3-497C1EC4828F}.Debug|x86.Build.0 = Debug|Win32
		{1A64A26A-702A-4BF9-B1A3-497C1EC4828F}.Release|x64.ActiveCfg = Release|x64
		{1A64A26A-702A-4BF9-B1A3-497C1EC4828F}.Release|x64.Build.0 = Release|x64
		{1A64A26A-702A-4BF9-B1A3-497C1EC4828F}.Release|x86.ActiveCfg = Release|Win32
		{1A64A26A-702A-4BF9-B1A3-497C1EC4828F}.Release|x86.Build.0 = Release|Win32
		{5A88E835-8FC6-4CEC-8D0C-AE36DF172E6C}.Debug|x64.ActiveCfg = Debug|x64
		{5A88E835-8FC6-4CEC-8D0C-AE36DF172E6C}.Debug|x64.Build.0 = Debug|x64
		{5A88E835-8FC6-4CEC-8D0C-AE36DF172E6C}.Debug|x86.ActiveCfg = Debug|Win32
		{5A88E835-8FC6-4CEC-8D0C-AE36DF172E6C}.Debug|x86.Build.0 = Debug|Win32
		{5A88E835-8FC6-4CEC-8D0C-AE36DF172E6C}.Release|x64.ActiveCfg = Release|x64
		{5A88E835-8FC6-4CEC-8D0C-AE36DF172E6C}.Release|x64.Build.0 = Release|x64
		{5A88E835-8FC6-4CEC-8D0C-AE36DF172E6C}.Release|x86.ActiveCfg = Release|Win32
		{5A88E835-8FC6-4CEC-8D0C-AE36DF172E6C}.Release|x86.Build.0 = Release|Win32
		{B7F37DEB-106A-4366-A7A4-53830809680D}.Debug|x64.ActiveCfg = Debug|x64
		{B7F37DEB-106A-4366-A7A4-53830809680D}.Debug|x64.Build.0 = Debug|x64
		{B7F37DEB-106A-4366-A7A4-53830809680D}.Debug|x86.ActiveCfg = Debug|Win32
		{B7F37DEB-106A-4366-A7A4-53830809680D}.Debug|x86.Build.0 = Debug|Win32
		{B7F37DEB-106A-4366-A7A4-53830809680D}.Release|x64.ActiveCfg = Release|x64
		{B7F37DEB-106A-4366-A7A4-53830809680D}.Release|x64.Build.0 = Release|x64
		{B7F37DEB-106A-4366-A7A4-53830809680D}.Release|x86.ActiveCfg = Release|Win32
		{B7F37DEB-106A-4366-A7A4-53830809680D}.Release|x86.Build.0 = Release|Win32
	EndGlobalSection
	GlobalSection(SolutionProperties) = preSolution
		HideSolutionNode = FALSE
	EndGlobalSection
	GlobalSection(ExtensibilityGlobals) = postSolution
		SolutionGuid = {33F16E6E-BE35-4F2C-8691-CFF6DF1FB919}
	EndGlobalSection
EndGlobal
